
Microsoft Visual Studio Solution File, Format Version 12.00
# Visual Studio 15
VisualStudioVersion = 15.0.26403.7
MinimumVisualStudioVersion = 10.0.40219.1
Project("{8BC9CEB8-8B4A-11D0-8D11-00A0C91BC942}") = "Exemplo1OrdenacaoPorInserção", "Exemplo1OrdenacaoPorInserção\Exemplo1OrdenacaoPorInserção.vcxproj", "{54AA7726-1507-4DCF-B8BB-694B4C9F39CC}"
EndProject
Project("{8BC9CEB8-8B4A-11D0-8D11-00A0C91BC942}") = "Aplicacao1PesquisaBinariaA", "Aplicacao1PesquisaBinariaA\Aplicacao1PesquisaBinariaA.vcxproj", "{9979AB74-01BE-432E-8FF0-F588709A2444}"
EndProject
Project("{8BC9CEB8-8B4A-11D0-8D11-00A0C91BC942}") = "Exemplo2BubbleSort", "ConsoleApplication2\ConsoleApplication2.vcxproj", "{53AE9CDA-4699-44A0-B858-08A43D453CB1}"
EndProject
Project("{8BC9CEB8-8B4A-11D0-8D11-00A0C91BC942}") = "Exemplo3PesquisaSequencial", "ConsoleApplication3\ConsoleApplication3.vcxproj", "{FA460D72-A4FE-462E-8857-55C317D406DA}"
EndProject
Project("{8BC9CEB8-8B4A-11D0-8D11-00A0C91BC942}") = "Exercicio1", "ConsoleApplication4\ConsoleApplication4.vcxproj", "{9F9F682D-E9D7-468D-91A7-3469B2B2253E}"
EndProject
Project("{8BC9CEB8-8B4A-11D0-8D11-00A0C91BC942}") = "Exercicio2", "ConsoleApplication5\ConsoleApplication5.vcxproj", "{B5C09997-7CAF-452A-AC1A-81CF9D4B3251}"
EndProject
Project("{8BC9CEB8-8B4A-11D0-8D11-00A0C91BC942}") = "Exercicio3", "ConsoleApplication6\ConsoleApplication6.vcxproj", "{AA5B0245-2BB3-40E8-832D-0EB9D5200335}"
EndProject
Project("{8BC9CEB8-8B4A-11D0-8D11-00A0C91BC942}") = "Exercicio4", "ConsoleApplication7\ConsoleApplication7.vcxproj", "{04844977-8B64-4BF5-8DE5-A7C6D3B8B655}"
EndProject
Project("{8BC9CEB8-8B4A-11D0-8D11-00A0C91BC942}") = "Exercicio5", "Exercicio5\Exercicio5.vcxproj", "{485CB725-2540-420A-A992-53C66191B257}"
EndProject
Project("{8BC9CEB8-8B4A-11D0-8D11-00A0C91BC942}") = "Exercicio6", "Exercicio6\Exercicio6.vcxproj", "{1D20A9BE-6AFB-4F87-AC39-D0CE08463E80}"
EndProject
Project("{8BC9CEB8-8B4A-11D0-8D11-00A0C91BC942}") = "Exercicio7", "Exercicio7\Exercicio7.vcxproj", "{9B40E042-9277-4659-98DE-0E14B00156B7}"
EndProject
Project("{8BC9CEB8-8B4A-11D0-8D11-00A0C91BC942}") = "Exercicio8", "Exercicio8\Exercicio8.vcxproj", "{32BCC7D5-123F-4393-ADCF-1A5345659FFC}"
EndProject
Project("{8BC9CEB8-8B4A-11D0-8D11-00A0C91BC942}") = "Exercicio9", "Exercicio9\Exercicio9.vcxproj", "{EDBF8DD7-FB42-4A0B-B7AD-6B3D801E15A3}"
EndProject
Project("{8BC9CEB8-8B4A-11D0-8D11-00A0C91BC942}") = "Exercicio10", "Exercicio10\Exercicio10.vcxproj", "{0FC52AA1-481E-4D3E-A14D-B586D3CB6EC3}"
EndProject
Project("{8BC9CEB8-8B4A-11D0-8D11-00A0C91BC942}") = "Exercicio11", "Exercicio11\Exercicio11.vcxproj", "{9F88E65D-4C08-4241-B43D-5073C78793D6}"
EndProject
Project("{8BC9CEB8-8B4A-11D0-8D11-00A0C91BC942}") = "Exercício12", "Exercício12\Exercício12.vcxproj", "{A6AB90FD-C488-479E-8F1D-5E3D75C49FF5}"
EndProject
Project("{8BC9CEB8-8B4A-11D0-8D11-00A0C91BC942}") = "Exercicio13", "Exercicio13\Exercicio13.vcxproj", "{3CEE9BDB-8364-47C2-A528-CD17263E22C9}"
EndProject
Project("{8BC9CEB8-8B4A-11D0-8D11-00A0C91BC942}") = "Exercicio14", "Exercicio14\Exercicio14.vcxproj", "{BC2010A7-F56A-4499-9151-87189510A261}"
EndProject
Global
	GlobalSection(SolutionConfigurationPlatforms) = preSolution
		Debug|x64 = Debug|x64
		Debug|x86 = Debug|x86
		Release|x64 = Release|x64
		Release|x86 = Release|x86
	EndGlobalSection
	GlobalSection(ProjectConfigurationPlatforms) = postSolution
		{54AA7726-1507-4DCF-B8BB-694B4C9F39CC}.Debug|x64.ActiveCfg = Debug|x64
		{54AA7726-1507-4DCF-B8BB-694B4C9F39CC}.Debug|x64.Build.0 = Debug|x64
		{54AA7726-1507-4DCF-B8BB-694B4C9F39CC}.Debug|x86.ActiveCfg = Debug|Win32
		{54AA7726-1507-4DCF-B8BB-694B4C9F39CC}.Debug|x86.Build.0 = Debug|Win32
		{54AA7726-1507-4DCF-B8BB-694B4C9F39CC}.Release|x64.ActiveCfg = Release|x64
		{54AA7726-1507-4DCF-B8BB-694B4C9F39CC}.Release|x64.Build.0 = Release|x64
		{54AA7726-1507-4DCF-B8BB-694B4C9F39CC}.Release|x86.ActiveCfg = Release|Win32
		{54AA7726-1507-4DCF-B8BB-694B4C9F39CC}.Release|x86.Build.0 = Release|Win32
		{9979AB74-01BE-432E-8FF0-F588709A2444}.Debug|x64.ActiveCfg = Debug|x64
		{9979AB74-01BE-432E-8FF0-F588709A2444}.Debug|x64.Build.0 = Debug|x64
		{9979AB74-01BE-432E-8FF0-F588709A2444}.Debug|x86.ActiveCfg = Debug|Win32
		{9979AB74-01BE-432E-8FF0-F588709A2444}.Debug|x86.Build.0 = Debug|Win32
		{9979AB74-01BE-432E-8FF0-F588709A2444}.Release|x64.ActiveCfg = Release|x64
		{9979AB74-01BE-432E-8FF0-F588709A2444}.Release|x64.Build.0 = Release|x64
		{9979AB74-01BE-432E-8FF0-F588709A2444}.Release|x86.ActiveCfg = Release|Win32
		{9979AB74-01BE-432E-8FF0-F588709A2444}.Release|x86.Build.0 = Release|Win32
		{53AE9CDA-4699-44A0-B858-08A43D453CB1}.Debug|x64.ActiveCfg = Debug|x64
		{53AE9CDA-4699-44A0-B858-08A43D453CB1}.Debug|x64.Build.0 = Debug|x64
		{53AE9CDA-4699-44A0-B858-08A43D453CB1}.Debug|x86.ActiveCfg = Debug|Win32
		{53AE9CDA-4699-44A0-B858-08A43D453CB1}.Debug|x86.Build.0 = Debug|Win32
		{53AE9CDA-4699-44A0-B858-08A43D453CB1}.Release|x64.ActiveCfg = Release|x64
		{53AE9CDA-4699-44A0-B858-08A43D453CB1}.Release|x64.Build.0 = Release|x64
		{53AE9CDA-4699-44A0-B858-08A43D453CB1}.Release|x86.ActiveCfg = Release|Win32
		{53AE9CDA-4699-44A0-B858-08A43D453CB1}.Release|x86.Build.0 = Release|Win32
		{FA460D72-A4FE-462E-8857-55C317D406DA}.Debug|x64.ActiveCfg = Debug|x64
		{FA460D72-A4FE-462E-8857-55C317D406DA}.Debug|x64.Build.0 = Debug|x64
		{FA460D72-A4FE-462E-8857-55C317D406DA}.Debug|x86.ActiveCfg = Debug|Win32
		{FA460D72-A4FE-462E-8857-55C317D406DA}.Debug|x86.Build.0 = Debug|Win32
		{FA460D72-A4FE-462E-8857-55C317D406DA}.Release|x64.ActiveCfg = Release|x64
		{FA460D72-A4FE-462E-8857-55C317D406DA}.Release|x64.Build.0 = Release|x64
		{FA460D72-A4FE-462E-8857-55C317D406DA}.Release|x86.ActiveCfg = Release|Win32
		{FA460D72-A4FE-462E-8857-55C317D406DA}.Release|x86.Build.0 = Release|Win32
		{9F9F682D-E9D7-468D-91A7-3469B2B2253E}.Debug|x64.ActiveCfg = Debug|x64
		{9F9F682D-E9D7-468D-91A7-3469B2B2253E}.Debug|x64.Build.0 = Debug|x64
		{9F9F682D-E9D7-468D-91A7-3469B2B2253E}.Debug|x86.ActiveCfg = Debug|Win32
		{9F9F682D-E9D7-468D-91A7-3469B2B2253E}.Debug|x86.Build.0 = Debug|Win32
		{9F9F682D-E9D7-468D-91A7-3469B2B2253E}.Release|x64.ActiveCfg = Release|x64
		{9F9F682D-E9D7-468D-91A7-3469B2B2253E}.Release|x64.Build.0 = Release|x64
		{9F9F682D-E9D7-468D-91A7-3469B2B2253E}.Release|x86.ActiveCfg = Release|Win32
		{9F9F682D-E9D7-468D-91A7-3469B2B2253E}.Release|x86.Build.0 = Release|Win32
		{B5C09997-7CAF-452A-AC1A-81CF9D4B3251}.Debug|x64.ActiveCfg = Debug|x64
		{B5C09997-7CAF-452A-AC1A-81CF9D4B3251}.Debug|x64.Build.0 = Debug|x64
		{B5C09997-7CAF-452A-AC1A-81CF9D4B3251}.Debug|x86.ActiveCfg = Debug|Win32
		{B5C09997-7CAF-452A-AC1A-81CF9D4B3251}.Debug|x86.Build.0 = Debug|Win32
		{B5C09997-7CAF-452A-AC1A-81CF9D4B3251}.Release|x64.ActiveCfg = Release|x64
		{B5C09997-7CAF-452A-AC1A-81CF9D4B3251}.Release|x64.Build.0 = Release|x64
		{B5C09997-7CAF-452A-AC1A-81CF9D4B3251}.Release|x86.ActiveCfg = Release|Win32
		{B5C09997-7CAF-452A-AC1A-81CF9D4B3251}.Release|x86.Build.0 = Release|Win32
		{AA5B0245-2BB3-40E8-832D-0EB9D5200335}.Debug|x64.ActiveCfg = Debug|x64
		{AA5B0245-2BB3-40E8-832D-0EB9D5200335}.Debug|x64.Build.0 = Debug|x64
		{AA5B0245-2BB3-40E8-832D-0EB9D5200335}.Debug|x86.ActiveCfg = Debug|Win32
		{AA5B0245-2BB3-40E8-832D-0EB9D5200335}.Debug|x86.Build.0 = Debug|Win32
		{AA5B0245-2BB3-40E8-832D-0EB9D5200335}.Release|x64.ActiveCfg = Release|x64
		{AA5B0245-2BB3-40E8-832D-0EB9D5200335}.Release|x64.Build.0 = Release|x64
		{AA5B0245-2BB3-40E8-832D-0EB9D5200335}.Release|x86.ActiveCfg = Release|Win32
		{AA5B0245-2BB3-40E8-832D-0EB9D5200335}.Release|x86.Build.0 = Release|Win32
		{04844977-8B64-4BF5-8DE5-A7C6D3B8B655}.Debug|x64.ActiveCfg = Debug|x64
		{04844977-8B64-4BF5-8DE5-A7C6D3B8B655}.Debug|x64.Build.0 = Debug|x64
		{04844977-8B64-4BF5-8DE5-A7C6D3B8B655}.Debug|x86.ActiveCfg = Debug|Win32
		{04844977-8B64-4BF5-8DE5-A7C6D3B8B655}.Debug|x86.Build.0 = Debug|Win32
		{04844977-8B64-4BF5-8DE5-A7C6D3B8B655}.Release|x64.ActiveCfg = Release|x64
		{04844977-8B64-4BF5-8DE5-A7C6D3B8B655}.Release|x64.Build.0 = Release|x64
		{04844977-8B64-4BF5-8DE5-A7C6D3B8B655}.Release|x86.ActiveCfg = Release|Win32
		{04844977-8B64-4BF5-8DE5-A7C6D3B8B655}.Release|x86.Build.0 = Release|Win32
		{485CB725-2540-420A-A992-53C66191B257}.Debug|x64.ActiveCfg = Debug|x64
		{485CB725-2540-420A-A992-53C66191B257}.Debug|x64.Build.0 = Debug|x64
		{485CB725-2540-420A-A992-53C66191B257}.Debug|x86.ActiveCfg = Debug|Win32
		{485CB725-2540-420A-A992-53C66191B257}.Debug|x86.Build.0 = Debug|Win32
		{485CB725-2540-420A-A992-53C66191B257}.Release|x64.ActiveCfg = Release|x64
		{485CB725-2540-420A-A992-53C66191B257}.Release|x64.Build.0 = Release|x64
		{485CB725-2540-420A-A992-53C66191B257}.Release|x86.ActiveCfg = Release|Win32
		{485CB725-2540-420A-A992-53C66191B257}.Release|x86.Build.0 = Release|Win32
		{1D20A9BE-6AFB-4F87-AC39-D0CE08463E80}.Debug|x64.ActiveCfg = Debug|x64
		{1D20A9BE-6AFB-4F87-AC39-D0CE08463E80}.Debug|x64.Build.0 = Debug|x64
		{1D20A9BE-6AFB-4F87-AC39-D0CE08463E80}.Debug|x86.ActiveCfg = Debug|Win32
		{1D20A9BE-6AFB-4F87-AC39-D0CE08463E80}.Debug|x86.Build.0 = Debug|Win32
		{1D20A9BE-6AFB-4F87-AC39-D0CE08463E80}.Release|x64.ActiveCfg = Release|x64
		{1D20A9BE-6AFB-4F87-AC39-D0CE08463E80}.Release|x64.Build.0 = Release|x64
		{1D20A9BE-6AFB-4F87-AC39-D0CE08463E80}.Release|x86.ActiveCfg = Release|Win32
		{1D20A9BE-6AFB-4F87-AC39-D0CE08463E80}.Release|x86.Build.0 = Release|Win32
		{9B40E042-9277-4659-98DE-0E14B00156B7}.Debug|x64.ActiveCfg = Debug|x64
		{9B40E042-9277-4659-98DE-0E14B00156B7}.Debug|x64.Build.0 = Debug|x64
		{9B40E042-9277-4659-98DE-0E14B00156B7}.Debug|x86.ActiveCfg = Debug|Win32
		{9B40E042-9277-4659-98DE-0E14B00156B7}.Debug|x86.Build.0 = Debug|Win32
		{9B40E042-9277-4659-98DE-0E14B00156B7}.Release|x64.ActiveCfg = Release|x64
		{9B40E042-9277-4659-98DE-0E14B00156B7}.Release|x64.Build.0 = Release|x64
		{9B40E042-9277-4659-98DE-0E14B00156B7}.Release|x86.ActiveCfg = Release|Win32
		{9B40E042-9277-4659-98DE-0E14B00156B7}.Release|x86.Build.0 = Release|Win32
		{32BCC7D5-123F-4393-ADCF-1A5345659FFC}.Debug|x64.ActiveCfg = Debug|x64
		{32BCC7D5-123F-4393-ADCF-1A5345659FFC}.Debug|x64.Build.0 = Debug|x64
		{32BCC7D5-123F-4393-ADCF-1A5345659FFC}.Debug|x86.ActiveCfg = Debug|Win32
		{32BCC7D5-123F-4393-ADCF-1A5345659FFC}.Debug|x86.Build.0 = Debug|Win32
		{32BCC7D5-123F-4393-ADCF-1A5345659FFC}.Release|x64.ActiveCfg = Release|x64
		{32BCC7D5-123F-4393-ADCF-1A5345659FFC}.Release|x64.Build.0 = Release|x64
		{32BCC7D5-123F-4393-ADCF-1A5345659FFC}.Release|x86.ActiveCfg = Release|Win32
		{32BCC7D5-123F-4393-ADCF-1A5345659FFC}.Release|x86.Build.0 = Release|Win32
		{EDBF8DD7-FB42-4A0B-B7AD-6B3D801E15A3}.Debug|x64.ActiveCfg = Debug|x64
		{EDBF8DD7-FB42-4A0B-B7AD-6B3D801E15A3}.Debug|x64.Build.0 = Debug|x64
		{EDBF8DD7-FB42-4A0B-B7AD-6B3D801E15A3}.Debug|x86.ActiveCfg = Debug|Win32
		{EDBF8DD7-FB42-4A0B-B7AD-6B3D801E15A3}.Debug|x86.Build.0 = Debug|Win32
		{EDBF8DD7-FB42-4A0B-B7AD-6B3D801E15A3}.Release|x64.ActiveCfg = Release|x64
		{EDBF8DD7-FB42-4A0B-B7AD-6B3D801E15A3}.Release|x64.Build.0 = Release|x64
		{EDBF8DD7-FB42-4A0B-B7AD-6B3D801E15A3}.Release|x86.ActiveCfg = Release|Win32
		{EDBF8DD7-FB42-4A0B-B7AD-6B3D801E15A3}.Release|x86.Build.0 = Release|Win32
		{0FC52AA1-481E-4D3E-A14D-B586D3CB6EC3}.Debug|x64.ActiveCfg = Debug|x64
		{0FC52AA1-481E-4D3E-A14D-B586D3CB6EC3}.Debug|x64.Build.0 = Debug|x64
		{0FC52AA1-481E-4D3E-A14D-B586D3CB6EC3}.Debug|x86.ActiveCfg = Debug|Win32
		{0FC52AA1-481E-4D3E-A14D-B586D3CB6EC3}.Debug|x86.Build.0 = Debug|Win32
		{0FC52AA1-481E-4D3E-A14D-B586D3CB6EC3}.Release|x64.ActiveCfg = Release|x64
		{0FC52AA1-481E-4D3E-A14D-B586D3CB6EC3}.Release|x64.Build.0 = Release|x64
		{0FC52AA1-481E-4D3E-A14D-B586D3CB6EC3}.Release|x86.ActiveCfg = Release|Win32
		{0FC52AA1-481E-4D3E-A14D-B586D3CB6EC3}.Release|x86.Build.0 = Release|Win32
		{9F88E65D-4C08-4241-B43D-5073C78793D6}.Debug|x64.ActiveCfg = Debug|x64
		{9F88E65D-4C08-4241-B43D-5073C78793D6}.Debug|x64.Build.0 = Debug|x64
		{9F88E65D-4C08-4241-B43D-5073C78793D6}.Debug|x86.ActiveCfg = Debug|Win32
		{9F88E65D-4C08-4241-B43D-5073C78793D6}.Debug|x86.Build.0 = Debug|Win32
		{9F88E65D-4C08-4241-B43D-5073C78793D6}.Release|x64.ActiveCfg = Release|x64
		{9F88E65D-4C08-4241-B43D-5073C78793D6}.Release|x64.Build.0 = Release|x64
		{9F88E65D-4C08-4241-B43D-5073C78793D6}.Release|x86.ActiveCfg = Release|Win32
		{9F88E65D-4C08-4241-B43D-5073C78793D6}.Release|x86.Build.0 = Release|Win32
		{A6AB90FD-C488-479E-8F1D-5E3D75C49FF5}.Debug|x64.ActiveCfg = Debug|x64
		{A6AB90FD-C488-479E-8F1D-5E3D75C49FF5}.Debug|x64.Build.0 = Debug|x64
		{A6AB90FD-C488-479E-8F1D-5E3D75C49FF5}.Debug|x86.ActiveCfg = Debug|Win32
		{A6AB90FD-C488-479E-8F1D-5E3D75C49FF5}.Debug|x86.Build.0 = Debug|Win32
		{A6AB90FD-C488-479E-8F1D-5E3D75C49FF5}.Release|x64.ActiveCfg = Release|x64
		{A6AB90FD-C488-479E-8F1D-5E3D75C49FF5}.Release|x64.Build.0 = Release|x64
		{A6AB90FD-C488-479E-8F1D-5E3D75C49FF5}.Release|x86.ActiveCfg = Release|Win32
		{A6AB90FD-C488-479E-8F1D-5E3D75C49FF5}.Release|x86.Build.0 = Release|Win32
		{3CEE9BDB-8364-47C2-A528-CD17263E22C9}.Debug|x64.ActiveCfg = Debug|x64
		{3CEE9BDB-8364-47C2-A528-CD17263E22C9}.Debug|x64.Build.0 = Debug|x64
		{3CEE9BDB-8364-47C2-A528-CD17263E22C9}.Debug|x86.ActiveCfg = Debug|Win32
		{3CEE9BDB-8364-47C2-A528-CD17263E22C9}.Debug|x86.Build.0 = Debug|Win32
		{3CEE9BDB-8364-47C2-A528-CD17263E22C9}.Release|x64.ActiveCfg = Release|x64
		{3CEE9BDB-8364-47C2-A528-CD17263E22C9}.Release|x64.Build.0 = Release|x64
		{3CEE9BDB-8364-47C2-A528-CD17263E22C9}.Release|x86.ActiveCfg = Release|Win32
		{3CEE9BDB-8364-47C2-A528-CD17263E22C9}.Release|x86.Build.0 = Release|Win32
		{BC2010A7-F56A-4499-9151-87189510A261}.Debug|x64.ActiveCfg = Debug|x64
		{BC2010A7-F56A-4499-9151-87189510A261}.Debug|x64.Build.0 = Debug|x64
		{BC2010A7-F56A-4499-9151-87189510A261}.Debug|x86.ActiveCfg = Debug|Win32
		{BC2010A7-F56A-4499-9151-87189510A261}.Debug|x86.Build.0 = Debug|Win32
		{BC2010A7-F56A-4499-9151-87189510A261}.Release|x64.ActiveCfg = Release|x64
		{BC2010A7-F56A-4499-9151-87189510A261}.Release|x64.Build.0 = Release|x64
		{BC2010A7-F56A-4499-9151-87189510A261}.Release|x86.ActiveCfg = Release|Win32
		{BC2010A7-F56A-4499-9151-87189510A261}.Release|x86.Build.0 = Release|Win32
	EndGlobalSection
	GlobalSection(SolutionProperties) = preSolution
		HideSolutionNode = FALSE
	EndGlobalSection
EndGlobal
